// !$*UTF8*$!
{
	archiveVersion = 1;
	classes = {
	};
	objectVersion = 46;
	objects = {

/* Begin PBXBuildFile section */
		C1031C751C7751B9005CD8B4 /* StreetGridGraph.swift in Sources */ = {isa = PBXBuildFile; fileRef = C1031C741C7751B9005CD8B4 /* StreetGridGraph.swift */; };
		C1031C771C7751CA005CD8B4 /* StreetGridGraphNode.swift in Sources */ = {isa = PBXBuildFile; fileRef = C1031C761C7751CA005CD8B4 /* StreetGridGraphNode.swift */; };
		C141280F1C7E255500FC32D4 /* SwingScene.sks in Resources */ = {isa = PBXBuildFile; fileRef = C141280E1C7E255500FC32D4 /* SwingScene.sks */; };
		C1422DA81C7E7651002D153C /* forest-jungle-background.png in Resources */ = {isa = PBXBuildFile; fileRef = C1422DA71C7E7651002D153C /* forest-jungle-background.png */; };
		C1422DAA1C7E76CE002D153C /* bowling-ball.png in Resources */ = {isa = PBXBuildFile; fileRef = C1422DA91C7E76CE002D153C /* bowling-ball.png */; };
		C14669461C74D75700A145AD /* TrafficScene.swift in Sources */ = {isa = PBXBuildFile; fileRef = C14669451C74D75700A145AD /* TrafficScene.swift */; };
		C146694C1C74DA1F00A145AD /* CarEntity.swift in Sources */ = {isa = PBXBuildFile; fileRef = C146694B1C74DA1F00A145AD /* CarEntity.swift */; };
		C146A3711C74B5DE007EB0B6 /* FieldsDemoScene.swift in Sources */ = {isa = PBXBuildFile; fileRef = C146A3701C74B5DE007EB0B6 /* FieldsDemoScene.swift */; };
		C14F57C11C72667500EB26E2 /* CGPointExtension.swift in Sources */ = {isa = PBXBuildFile; fileRef = C14F57C01C72667500EB26E2 /* CGPointExtension.swift */; };
		C14F57C31C72681A00EB26E2 /* SwingScene.swift in Sources */ = {isa = PBXBuildFile; fileRef = C14F57C21C72681A00EB26E2 /* SwingScene.swift */; };
		C14F57C51C726E6200EB26E2 /* StackScene.swift in Sources */ = {isa = PBXBuildFile; fileRef = C14F57C41C726E6200EB26E2 /* StackScene.swift */; };
		C1C749B71C72761A007E6108 /* PaperAirplaneScene.swift in Sources */ = {isa = PBXBuildFile; fileRef = C1C749B61C72761A007E6108 /* PaperAirplaneScene.swift */; };
		C1F1972E1C7256FC00486DCD /* AppDelegate.swift in Sources */ = {isa = PBXBuildFile; fileRef = C1F1972D1C7256FC00486DCD /* AppDelegate.swift */; };
		C1F197301C7256FC00486DCD /* ListViewController.swift in Sources */ = {isa = PBXBuildFile; fileRef = C1F1972F1C7256FC00486DCD /* ListViewController.swift */; };
		C1F197331C7256FC00486DCD /* Main.storyboard in Resources */ = {isa = PBXBuildFile; fileRef = C1F197311C7256FC00486DCD /* Main.storyboard */; };
		C1F197351C7256FC00486DCD /* Assets.xcassets in Resources */ = {isa = PBXBuildFile; fileRef = C1F197341C7256FC00486DCD /* Assets.xcassets */; };
		C1F197381C7256FC00486DCD /* LaunchScreen.storyboard in Resources */ = {isa = PBXBuildFile; fileRef = C1F197361C7256FC00486DCD /* LaunchScreen.storyboard */; };
		C1F197411C725E0E00486DCD /* ThreeDMarblesViewController.swift in Sources */ = {isa = PBXBuildFile; fileRef = C1F197401C725E0E00486DCD /* ThreeDMarblesViewController.swift */; };
		C1F197441C725F7200486DCD /* SCNVector3Extensions.swift in Sources */ = {isa = PBXBuildFile; fileRef = C1F197431C725F7200486DCD /* SCNVector3Extensions.swift */; };
		C1F197501C7260A100486DCD /* banana.png in Resources */ = {isa = PBXBuildFile; fileRef = C1F197491C7260A100486DCD /* banana.png */; };
		C1F197511C7260A100486DCD /* box.png in Resources */ = {isa = PBXBuildFile; fileRef = C1F1974A1C7260A100486DCD /* box.png */; };
		C1F197521C7260A100486DCD /* circle.png in Resources */ = {isa = PBXBuildFile; fileRef = C1F1974B1C7260A100486DCD /* circle.png */; };
		C1F197531C7260A100486DCD /* letter-l.png in Resources */ = {isa = PBXBuildFile; fileRef = C1F1974C1C7260A100486DCD /* letter-l.png */; };
		C1F197541C7260A100486DCD /* sand.png in Resources */ = {isa = PBXBuildFile; fileRef = C1F1974D1C7260A100486DCD /* sand.png */; };
		C1F197551C7260A100486DCD /* square.png in Resources */ = {isa = PBXBuildFile; fileRef = C1F1974E1C7260A100486DCD /* square.png */; };
		C1F197561C7260A100486DCD /* triangle.png in Resources */ = {isa = PBXBuildFile; fileRef = C1F1974F1C7260A100486DCD /* triangle.png */; };
		C1F197581C7260FF00486DCD /* SpriteKitSceneViewController.swift in Sources */ = {isa = PBXBuildFile; fileRef = C1F197571C7260FE00486DCD /* SpriteKitSceneViewController.swift */; };
/* End PBXBuildFile section */

/* Begin PBXFileReference section */
		C1031C741C7751B9005CD8B4 /* StreetGridGraph.swift */ = {isa = PBXFileReference; fileEncoding = 4; lastKnownFileType = sourcecode.swift; path = StreetGridGraph.swift; sourceTree = "<group>"; };
		C1031C761C7751CA005CD8B4 /* StreetGridGraphNode.swift */ = {isa = PBXFileReference; fileEncoding = 4; lastKnownFileType = sourcecode.swift; path = StreetGridGraphNode.swift; sourceTree = "<group>"; };
		C141280E1C7E255500FC32D4 /* SwingScene.sks */ = {isa = PBXFileReference; lastKnownFileType = file.sks; path = SwingScene.sks; sourceTree = "<group>"; };
		C1422DA71C7E7651002D153C /* forest-jungle-background.png */ = {isa = PBXFileReference; lastKnownFileType = image.png; path = "forest-jungle-background.png"; sourceTree = "<group>"; };
		C1422DA91C7E76CE002D153C /* bowling-ball.png */ = {isa = PBXFileReference; lastKnownFileType = image.png; path = "bowling-ball.png"; sourceTree = "<group>"; };
		C14669451C74D75700A145AD /* TrafficScene.swift */ = {isa = PBXFileReference; fileEncoding = 4; lastKnownFileType = sourcecode.swift; path = TrafficScene.swift; sourceTree = "<group>"; };
		C146694B1C74DA1F00A145AD /* CarEntity.swift */ = {isa = PBXFileReference; fileEncoding = 4; lastKnownFileType = sourcecode.swift; path = CarEntity.swift; sourceTree = "<group>"; };
		C146A3701C74B5DE007EB0B6 /* FieldsDemoScene.swift */ = {isa = PBXFileReference; fileEncoding = 4; lastKnownFileType = sourcecode.swift; path = FieldsDemoScene.swift; sourceTree = "<group>"; };
		C14F57C01C72667500EB26E2 /* CGPointExtension.swift */ = {isa = PBXFileReference; fileEncoding = 4; lastKnownFileType = sourcecode.swift; path = CGPointExtension.swift; sourceTree = "<group>"; };
		C14F57C21C72681A00EB26E2 /* SwingScene.swift */ = {isa = PBXFileReference; fileEncoding = 4; lastKnownFileType = sourcecode.swift; path = SwingScene.swift; sourceTree = "<group>"; };
		C14F57C41C726E6200EB26E2 /* StackScene.swift */ = {isa = PBXFileReference; fileEncoding = 4; lastKnownFileType = sourcecode.swift; path = StackScene.swift; sourceTree = "<group>"; };
		C1C749B61C72761A007E6108 /* PaperAirplaneScene.swift */ = {isa = PBXFileReference; fileEncoding = 4; lastKnownFileType = sourcecode.swift; path = PaperAirplaneScene.swift; sourceTree = "<group>"; };
		C1F1972A1C7256FC00486DCD /* Jeff Game Demos.app */ = {isa = PBXFileReference; explicitFileType = wrapper.application; includeInIndex = 0; path = "Jeff Game Demos.app"; sourceTree = BUILT_PRODUCTS_DIR; };
		C1F1972D1C7256FC00486DCD /* AppDelegate.swift */ = {isa = PBXFileReference; lastKnownFileType = sourcecode.swift; path = AppDelegate.swift; sourceTree = "<group>"; };
		C1F1972F1C7256FC00486DCD /* ListViewController.swift */ = {isa = PBXFileReference; lastKnownFileType = sourcecode.swift; path = ListViewController.swift; sourceTree = "<group>"; };
		C1F197321C7256FC00486DCD /* Base */ = {isa = PBXFileReference; lastKnownFileType = file.storyboard; name = Base; path = Base.lproj/Main.storyboard; sourceTree = "<group>"; };
		C1F197341C7256FC00486DCD /* Assets.xcassets */ = {isa = PBXFileReference; lastKnownFileType = folder.assetcatalog; name = Assets.xcassets; path = ../Assets.xcassets; sourceTree = "<group>"; };
		C1F197371C7256FC00486DCD /* Base */ = {isa = PBXFileReference; lastKnownFileType = file.storyboard; name = Base; path = Base.lproj/LaunchScreen.storyboard; sourceTree = "<group>"; };
		C1F197391C7256FC00486DCD /* Info.plist */ = {isa = PBXFileReference; lastKnownFileType = text.plist.xml; path = Info.plist; sourceTree = "<group>"; };
		C1F197401C725E0E00486DCD /* ThreeDMarblesViewController.swift */ = {isa = PBXFileReference; fileEncoding = 4; lastKnownFileType = sourcecode.swift; path = ThreeDMarblesViewController.swift; sourceTree = "<group>"; };
		C1F197431C725F7200486DCD /* SCNVector3Extensions.swift */ = {isa = PBXFileReference; fileEncoding = 4; lastKnownFileType = sourcecode.swift; path = SCNVector3Extensions.swift; sourceTree = "<group>"; };
		C1F197491C7260A100486DCD /* banana.png */ = {isa = PBXFileReference; lastKnownFileType = image.png; path = banana.png; sourceTree = "<group>"; };
		C1F1974A1C7260A100486DCD /* box.png */ = {isa = PBXFileReference; lastKnownFileType = image.png; path = box.png; sourceTree = "<group>"; };
		C1F1974B1C7260A100486DCD /* circle.png */ = {isa = PBXFileReference; lastKnownFileType = image.png; path = circle.png; sourceTree = "<group>"; };
		C1F1974C1C7260A100486DCD /* letter-l.png */ = {isa = PBXFileReference; lastKnownFileType = image.png; path = "letter-l.png"; sourceTree = "<group>"; };
		C1F1974D1C7260A100486DCD /* sand.png */ = {isa = PBXFileReference; lastKnownFileType = image.png; path = sand.png; sourceTree = "<group>"; };
		C1F1974E1C7260A100486DCD /* square.png */ = {isa = PBXFileReference; lastKnownFileType = image.png; path = square.png; sourceTree = "<group>"; };
		C1F1974F1C7260A100486DCD /* triangle.png */ = {isa = PBXFileReference; lastKnownFileType = image.png; path = triangle.png; sourceTree = "<group>"; };
		C1F197571C7260FE00486DCD /* SpriteKitSceneViewController.swift */ = {isa = PBXFileReference; fileEncoding = 4; lastKnownFileType = sourcecode.swift; path = SpriteKitSceneViewController.swift; sourceTree = "<group>"; };
/* End PBXFileReference section */

/* Begin PBXFrameworksBuildPhase section */
		C1F197271C7256FC00486DCD /* Frameworks */ = {
			isa = PBXFrameworksBuildPhase;
			buildActionMask = 2147483647;
			files = (
			);
			runOnlyForDeploymentPostprocessing = 0;
		};
/* End PBXFrameworksBuildPhase section */

/* Begin PBXGroup section */
		C14128101C7E2EAC00FC32D4 /* Swing */ = {
			isa = PBXGroup;
			children = (
				C141280E1C7E255500FC32D4 /* SwingScene.sks */,
				C14F57C21C72681A00EB26E2 /* SwingScene.swift */,
			);
			name = Swing;
			sourceTree = "<group>";
		};
		C14669441C74D73F00A145AD /* TrafficSimulator */ = {
			isa = PBXGroup;
			children = (
				C146694B1C74DA1F00A145AD /* CarEntity.swift */,
				C1031C741C7751B9005CD8B4 /* StreetGridGraph.swift */,
				C1031C761C7751CA005CD8B4 /* StreetGridGraphNode.swift */,
				C14669451C74D75700A145AD /* TrafficScene.swift */,
			);
			name = TrafficSimulator;
			sourceTree = "<group>";
		};
		C14F57C61C726F7600EB26E2 /* Controllers */ = {
			isa = PBXGroup;
			children = (
				C1F1972F1C7256FC00486DCD /* ListViewController.swift */,
				C1F197571C7260FE00486DCD /* SpriteKitSceneViewController.swift */,
			);
			name = Controllers;
			sourceTree = "<group>";
		};
		C14F57C71C726F8800EB26E2 /* Resources */ = {
			isa = PBXGroup;
			children = (
				C1F1972D1C7256FC00486DCD /* AppDelegate.swift */,
				C1F197391C7256FC00486DCD /* Info.plist */,
				C1F197361C7256FC00486DCD /* LaunchScreen.storyboard */,
				C1F197311C7256FC00486DCD /* Main.storyboard */,
			);
			name = Resources;
			sourceTree = "<group>";
		};
		C1F197211C7256FC00486DCD = {
			isa = PBXGroup;
			children = (
				C1F1972C1C7256FC00486DCD /* Jeff Game Demos */,
				C1F1972B1C7256FC00486DCD /* Products */,
			);
			sourceTree = "<group>";
		};
		C1F1972B1C7256FC00486DCD /* Products */ = {
			isa = PBXGroup;
			children = (
				C1F1972A1C7256FC00486DCD /* Jeff Game Demos.app */,
			);
			name = Products;
			sourceTree = "<group>";
		};
		C1F1972C1C7256FC00486DCD /* Jeff Game Demos */ = {
			isa = PBXGroup;
			children = (
				C1F1973F1C725DF500486DCD /* Demos */,
				C14F57C61C726F7600EB26E2 /* Controllers */,
				C1F197421C725F6000486DCD /* Util */,
				C1F197481C72607D00486DCD /* Images */,
				C14F57C71C726F8800EB26E2 /* Resources */,
			);
			path = "Jeff Game Demos";
			sourceTree = "<group>";
		};
		C1F1973F1C725DF500486DCD /* Demos */ = {
			isa = PBXGroup;
			children = (
				C14128101C7E2EAC00FC32D4 /* Swing */,
				C14669441C74D73F00A145AD /* TrafficSimulator */,
				C1C749B61C72761A007E6108 /* PaperAirplaneScene.swift */,
				C14F57C41C726E6200EB26E2 /* StackScene.swift */,
				C1F197401C725E0E00486DCD /* ThreeDMarblesViewController.swift */,
				C146A3701C74B5DE007EB0B6 /* FieldsDemoScene.swift */,
			);
			name = Demos;
			sourceTree = "<group>";
		};
		C1F197421C725F6000486DCD /* Util */ = {
			isa = PBXGroup;
			children = (
				C14F57C01C72667500EB26E2 /* CGPointExtension.swift */,
				C1F197431C725F7200486DCD /* SCNVector3Extensions.swift */,
			);
			name = Util;
			sourceTree = "<group>";
		};
		C1F197481C72607D00486DCD /* Images */ = {
			isa = PBXGroup;
			children = (
				C1F197341C7256FC00486DCD /* Assets.xcassets */,
				C1F197491C7260A100486DCD /* banana.png */,
				C1422DA91C7E76CE002D153C /* bowling-ball.png */,
				C1F1974A1C7260A100486DCD /* box.png */,
				C1F1974B1C7260A100486DCD /* circle.png */,
				C1422DA71C7E7651002D153C /* forest-jungle-background.png */,
				C1F1974C1C7260A100486DCD /* letter-l.png */,
				C1F1974D1C7260A100486DCD /* sand.png */,
				C1F1974E1C7260A100486DCD /* square.png */,
				C1F1974F1C7260A100486DCD /* triangle.png */,
			);
			name = Images;
			path = images;
			sourceTree = "<group>";
		};
/* End PBXGroup section */

/* Begin PBXNativeTarget section */
		C1F197291C7256FC00486DCD /* Jeff Game Demos */ = {
			isa = PBXNativeTarget;
			buildConfigurationList = C1F1973C1C7256FC00486DCD /* Build configuration list for PBXNativeTarget "Jeff Game Demos" */;
			buildPhases = (
				C1F197261C7256FC00486DCD /* Sources */,
				C1F197271C7256FC00486DCD /* Frameworks */,
				C1F197281C7256FC00486DCD /* Resources */,
			);
			buildRules = (
			);
			dependencies = (
			);
			name = "Jeff Game Demos";
			productName = "Jeff Game Demos";
			productReference = C1F1972A1C7256FC00486DCD /* Jeff Game Demos.app */;
			productType = "com.apple.product-type.application";
		};
/* End PBXNativeTarget section */

/* Begin PBXProject section */
		C1F197221C7256FC00486DCD /* Project object */ = {
			isa = PBXProject;
			attributes = {
				LastSwiftUpdateCheck = 0720;
				LastUpgradeCheck = 0720;
				ORGANIZATIONNAME = "Jeff Cole";
				TargetAttributes = {
					C1F197291C7256FC00486DCD = {
						CreatedOnToolsVersion = 7.2;
					};
				};
			};
			buildConfigurationList = C1F197251C7256FC00486DCD /* Build configuration list for PBXProject "Jeff Game Demos" */;
			compatibilityVersion = "Xcode 3.2";
			developmentRegion = English;
			hasScannedForEncodings = 0;
			knownRegions = (
				en,
				Base,
			);
			mainGroup = C1F197211C7256FC00486DCD;
			productRefGroup = C1F1972B1C7256FC00486DCD /* Products */;
			projectDirPath = "";
			projectRoot = "";
			targets = (
				C1F197291C7256FC00486DCD /* Jeff Game Demos */,
			);
		};
/* End PBXProject section */

/* Begin PBXResourcesBuildPhase section */
		C1F197281C7256FC00486DCD /* Resources */ = {
			isa = PBXResourcesBuildPhase;
			buildActionMask = 2147483647;
			files = (
				C1F197381C7256FC00486DCD /* LaunchScreen.storyboard in Resources */,
				C141280F1C7E255500FC32D4 /* SwingScene.sks in Resources */,
				C1F197561C7260A100486DCD /* triangle.png in Resources */,
				C1F197551C7260A100486DCD /* square.png in Resources */,
				C1F197541C7260A100486DCD /* sand.png in Resources */,
				C1422DA81C7E7651002D153C /* forest-jungle-background.png in Resources */,
				C1F197351C7256FC00486DCD /* Assets.xcassets in Resources */,
				C1F197511C7260A100486DCD /* box.png in Resources */,
				C1F197521C7260A100486DCD /* circle.png in Resources */,
				C1F197531C7260A100486DCD /* letter-l.png in Resources */,
				C1F197501C7260A100486DCD /* banana.png in Resources */,
				C1F197331C7256FC00486DCD /* Main.storyboard in Resources */,
				C1422DAA1C7E76CE002D153C /* bowling-ball.png in Resources */,
			);
			runOnlyForDeploymentPostprocessing = 0;
		};
/* End PBXResourcesBuildPhase section */

/* Begin PBXSourcesBuildPhase section */
		C1F197261C7256FC00486DCD /* Sources */ = {
			isa = PBXSourcesBuildPhase;
			buildActionMask = 2147483647;
			files = (
				C1F197301C7256FC00486DCD /* ListViewController.swift in Sources */,
				C1031C771C7751CA005CD8B4 /* StreetGridGraphNode.swift in Sources */,
				C146694C1C74DA1F00A145AD /* CarEntity.swift in Sources */,
				C1031C751C7751B9005CD8B4 /* StreetGridGraph.swift in Sources */,
				C14F57C31C72681A00EB26E2 /* SwingScene.swift in Sources */,
				C1F197581C7260FF00486DCD /* SpriteKitSceneViewController.swift in Sources */,
				C14669461C74D75700A145AD /* TrafficScene.swift in Sources */,
				C1F197411C725E0E00486DCD /* ThreeDMarblesViewController.swift in Sources */,
				C1F1972E1C7256FC00486DCD /* AppDelegate.swift in Sources */,
				C14F57C51C726E6200EB26E2 /* StackScene.swift in Sources */,
				C146A3711C74B5DE007EB0B6 /* FieldsDemoScene.swift in Sources */,
				C1F197441C725F7200486DCD /* SCNVector3Extensions.swift in Sources */,
				C1C749B71C72761A007E6108 /* PaperAirplaneScene.swift in Sources */,
				C14F57C11C72667500EB26E2 /* CGPointExtension.swift in Sources */,
			);
			runOnlyForDeploymentPostprocessing = 0;
		};
/* End PBXSourcesBuildPhase section */

/* Begin PBXVariantGroup section */
		C1F197311C7256FC00486DCD /* Main.storyboard */ = {
			isa = PBXVariantGroup;
			children = (
				C1F197321C7256FC00486DCD /* Base */,
			);
			name = Main.storyboard;
			sourceTree = "<group>";
		};
		C1F197361C7256FC00486DCD /* LaunchScreen.storyboard */ = {
			isa = PBXVariantGroup;
			children = (
				C1F197371C7256FC00486DCD /* Base */,
			);
			name = LaunchScreen.storyboard;
			sourceTree = "<group>";
		};
/* End PBXVariantGroup section */

/* Begin XCBuildConfiguration section */
		C1F1973A1C7256FC00486DCD /* Debug */ = {
			isa = XCBuildConfiguration;
			buildSettings = {
				ALWAYS_SEARCH_USER_PATHS = NO;
				CLANG_CXX_LANGUAGE_STANDARD = "gnu++0x";
				CLANG_CXX_LIBRARY = "libc++";
				CLANG_ENABLE_MODULES = YES;
				CLANG_ENABLE_OBJC_ARC = YES;
				CLANG_WARN_BOOL_CONVERSION = YES;
				CLANG_WARN_CONSTANT_CONVERSION = YES;
				CLANG_WARN_DIRECT_OBJC_ISA_USAGE = YES_ERROR;
				CLANG_WARN_EMPTY_BODY = YES;
				CLANG_WARN_ENUM_CONVERSION = YES;
				CLANG_WARN_INT_CONVERSION = YES;
				CLANG_WARN_OBJC_ROOT_CLASS = YES_ERROR;
				CLANG_WARN_UNREACHABLE_CODE = YES;
				CLANG_WARN__DUPLICATE_METHOD_MATCH = YES;
				"CODE_SIGN_IDENTITY[sdk=iphoneos*]" = "iPhone Developer";
				COPY_PHASE_STRIP = NO;
				DEBUG_INFORMATION_FORMAT = dwarf;
				ENABLE_STRICT_OBJC_MSGSEND = YES;
				ENABLE_TESTABILITY = YES;
				GCC_C_LANGUAGE_STANDARD = gnu99;
				GCC_DYNAMIC_NO_PIC = NO;
				GCC_NO_COMMON_BLOCKS = YES;
				GCC_OPTIMIZATION_LEVEL = 0;
				GCC_PREPROCESSOR_DEFINITIONS = (
					"DEBUG=1",
					"$(inherited)",
				);
				GCC_WARN_64_TO_32_BIT_CONVERSION = YES;
				GCC_WARN_ABOUT_RETURN_TYPE = YES_ERROR;
				GCC_WARN_UNDECLARED_SELECTOR = YES;
				GCC_WARN_UNINITIALIZED_AUTOS = YES_AGGRESSIVE;
				GCC_WARN_UNUSED_FUNCTION = YES;
				GCC_WARN_UNUSED_VARIABLE = YES;
				IPHONEOS_DEPLOYMENT_TARGET = 9.2;
				MTL_ENABLE_DEBUG_INFO = YES;
				ONLY_ACTIVE_ARCH = YES;
				SDKROOT = iphoneos;
				SWIFT_OPTIMIZATION_LEVEL = "-Onone";
				TARGETED_DEVICE_FAMILY = "1,2";
			};
			name = Debug;
		};
		C1F1973B1C7256FC00486DCD /* Release */ = {
			isa = XCBuildConfiguration;
			buildSettings = {
				ALWAYS_SEARCH_USER_PATHS = NO;
				CLANG_CXX_LANGUAGE_STANDARD = "gnu++0x";
				CLANG_CXX_LIBRARY = "libc++";
				CLANG_ENABLE_MODULES = YES;
				CLANG_ENABLE_OBJC_ARC = YES;
				CLANG_WARN_BOOL_CONVERSION = YES;
				CLANG_WARN_CONSTANT_CONVERSION = YES;
				CLANG_WARN_DIRECT_OBJC_ISA_USAGE = YES_ERROR;
				CLANG_WARN_EMPTY_BODY = YES;
				CLANG_WARN_ENUM_CONVERSION = YES;
				CLANG_WARN_INT_CONVERSION = YES;
				CLANG_WARN_OBJC_ROOT_CLASS = YES_ERROR;
				CLANG_WARN_UNREACHABLE_CODE = YES;
				CLANG_WARN__DUPLICATE_METHOD_MATCH = YES;
				"CODE_SIGN_IDENTITY[sdk=iphoneos*]" = "iPhone Developer";
				COPY_PHASE_STRIP = NO;
				DEBUG_INFORMATION_FORMAT = "dwarf-with-dsym";
				ENABLE_NS_ASSERTIONS = NO;
				ENABLE_STRICT_OBJC_MSGSEND = YES;
				GCC_C_LANGUAGE_STANDARD = gnu99;
				GCC_NO_COMMON_BLOCKS = YES;
				GCC_WARN_64_TO_32_BIT_CONVERSION = YES;
				GCC_WARN_ABOUT_RETURN_TYPE = YES_ERROR;
				GCC_WARN_UNDECLARED_SELECTOR = YES;
				GCC_WARN_UNINITIALIZED_AUTOS = YES_AGGRESSIVE;
				GCC_WARN_UNUSED_FUNCTION = YES;
				GCC_WARN_UNUSED_VARIABLE = YES;
				IPHONEOS_DEPLOYMENT_TARGET = 9.2;
				MTL_ENABLE_DEBUG_INFO = NO;
				SDKROOT = iphoneos;
				TARGETED_DEVICE_FAMILY = "1,2";
				VALIDATE_PRODUCT = YES;
			};
			name = Release;
		};
		C1F1973D1C7256FC00486DCD /* Debug */ = {
			isa = XCBuildConfiguration;
			buildSettings = {
				ASSETCATALOG_COMPILER_APPICON_NAME = AppIcon;
				INFOPLIST_FILE = "Jeff Game Demos/Info.plist";
				LD_RUNPATH_SEARCH_PATHS = "$(inherited) @executable_path/Frameworks";
				PRODUCT_BUNDLE_IDENTIFIER = "com.jeffcole.Jeff-Game-Demos";
				PRODUCT_NAME = "$(TARGET_NAME)";
			};
			name = Debug;
		};
		C1F1973E1C7256FC00486DCD /* Release */ = {
			isa = XCBuildConfiguration;
			buildSettings = {
				ASSETCATALOG_COMPILER_APPICON_NAME = AppIcon;
				INFOPLIST_FILE = "Jeff Game Demos/Info.plist";
				LD_RUNPATH_SEARCH_PATHS = "$(inherited) @executable_path/Frameworks";
				PRODUCT_BUNDLE_IDENTIFIER = "com.jeffcole.Jeff-Game-Demos";
				PRODUCT_NAME = "$(TARGET_NAME)";
			};
			name = Release;
		};
/* End XCBuildConfiguration section */

/* Begin XCConfigurationList section */
		C1F197251C7256FC00486DCD /* Build configuration list for PBXProject "Jeff Game Demos" */ = {
			isa = XCConfigurationList;
			buildConfigurations = (
				C1F1973A1C7256FC00486DCD /* Debug */,
				C1F1973B1C7256FC00486DCD /* Release */,
			);
			defaultConfigurationIsVisible = 0;
			defaultConfigurationName = Release;
		};
		C1F1973C1C7256FC00486DCD /* Build configuration list for PBXNativeTarget "Jeff Game Demos" */ = {
			isa = XCConfigurationList;
			buildConfigurations = (
				C1F1973D1C7256FC00486DCD /* Debug */,
				C1F1973E1C7256FC00486DCD /* Release */,
			);
			defaultConfigurationIsVisible = 0;
			defaultConfigurationName = Release;
		};
/* End XCConfigurationList section */
	};
	rootObject = C1F197221C7256FC00486DCD /* Project object */;
}
